Microsoft Visual Studio Solution File, Format Version 12.00
# Visual Studio Version 17
VisualStudioVersion = 17.5.2.0
MinimumVisualStudioVersion = 10.0.40219.1
Project("{FAE04EC0-301F-11D3-BF4B-00C04F79EFBC}") = "Semana13", "Semana13\Semana13.csproj", "{9996465A-9857-05C7-2085-520B72F85051}"
EndProject
Global
	GlobalSection(SolutionConfigurationPlatforms) = preSolution
		Debug|Any CPU = Debug|Any CPU
		Release|Any CPU = Release|Any CPU
	EndGlobalSection
	GlobalSection(ProjectConfigurationPlatforms) = postSolution
		{9996465A-9857-05C7-2085-520B72F85051}.Debug|Any CPU.ActiveCfg = Debug|Any CPU
		{9996465A-9857-05C7-2085-520B72F85051}.Debug|Any CPU.Build.0 = Debug|Any CPU
		{9996465A-9857-05C7-2085-520B72F85051}.Release|Any CPU.ActiveCfg = Release|Any CPU
		{9996465A-9857-05C7-2085-520B72F85051}.Release|Any CPU.Build.0 = Release|Any CPU
	EndGlobalSection
	GlobalSection(SolutionProperties) = preSolution
		HideSolutionNode = FALSE
	EndGlobalSection
	GlobalSection(ExtensibilityGlobals) = postSolution
		SolutionGuid = {FAD4FC14-DF4F-41F9-B5C9-C39111845B23}
	EndGlobalSection
EndGlobal
